
Microsoft Visual Studio Solution File, Format Version 12.00
# Visual Studio Version 16
VisualStudioVersion = 16.0.31729.503
MinimumVisualStudioVersion = 10.0.40219.1
Project("{FAE04EC0-301F-11D3-BF4B-00C04F79EFBC}") = "Nonogram_v_2", "Kursovik_NONOGRAMM\Nonogram_v_2.csproj", "{65B5781D-8BF3-43A8-B823-14AD1654FFBC}"
EndProject
Global
	GlobalSection(SolutionConfigurationPlatforms) = preSolution
		Debug|Any CPU = Debug|Any CPU
		Release|Any CPU = Release|Any CPU
	EndGlobalSection
	GlobalSection(ProjectConfigurationPlatforms) = postSolution
		{65B5781D-8BF3-43A8-B823-14AD1654FFBC}.Debug|Any CPU.ActiveCfg = Debug|Any CPU
		{65B5781D-8BF3-43A8-B823-14AD1654FFBC}.Debug|Any CPU.Build.0 = Debug|Any CPU
		{65B5781D-8BF3-43A8-B823-14AD1654FFBC}.Release|Any CPU.ActiveCfg = Release|Any CPU
		{65B5781D-8BF3-43A8-B823-14AD1654FFBC}.Release|Any CPU.Build.0 = Release|Any CPU
	EndGlobalSection
	GlobalSection(SolutionProperties) = preSolution
		HideSolutionNode = FALSE
	EndGlobalSection
	GlobalSection(ExtensibilityGlobals) = postSolution
		SolutionGuid = {98C99ECD-3BCB-4A5C-9A2A-4A354518E64A}
	EndGlobalSection
EndGlobal
